
Microsoft Visual Studio Solution File, Format Version 11.00
# Visual Studio 2010
Project("{FAE04EC0-301F-11D3-BF4B-00C04F79EFBC}") = "Unity.VisualScripting.Core", "Unity.VisualScripting.Core.csproj", "{0669cdb4-c980-816c-a394-0c5f35608998}"
EndProject
Project("{FAE04EC0-301F-11D3-BF4B-00C04F79EFBC}") = "UnityEngine.TestRunner", "UnityEngine.TestRunner.csproj", "{cb353d36-6bbe-a427-ef6c-32f619678f69}"
EndProject
Project("{FAE04EC0-301F-11D3-BF4B-00C04F79EFBC}") = "Unity.Timeline", "Unity.Timeline.csproj", "{61dc78fa-ba45-e13b-e347-a74172325240}"
EndProject
Project("{FAE04EC0-301F-11D3-BF4B-00C04F79EFBC}") = "Unity.VisualScripting.State", "Unity.VisualScripting.State.csproj", "{386e4519-9f50-b8ab-f5d0-869769b22fb5}"
EndProject
Project("{FAE04EC0-301F-11D3-BF4B-00C04F79EFBC}") = "Unity.VisualScripting.Flow", "Unity.VisualScripting.Flow.csproj", "{7ef94a15-9f5a-25e7-2fc9-08d011004cc9}"
EndProject
Project("{FAE04EC0-301F-11D3-BF4B-00C04F79EFBC}") = "Unity.TextMeshPro", "Unity.TextMeshPro.csproj", "{37dd97e3-7d23-e62c-a877-6c7e15d86701}"
EndProject
Project("{FAE04EC0-301F-11D3-BF4B-00C04F79EFBC}") = "Assembly-CSharp", "Assembly-CSharp.csproj", "{2652700c-3a6f-d582-f4af-4adee2962d67}"
EndProject
Project("{FAE04EC0-301F-11D3-BF4B-00C04F79EFBC}") = "UnityEditor.TestRunner", "UnityEditor.TestRunner.csproj", "{ead4d9c7-ff8f-5cdc-eab2-60578318a7a2}"
EndProject
Project("{FAE04EC0-301F-11D3-BF4B-00C04F79EFBC}") = "Unity.VisualScripting.Core.Editor", "Unity.VisualScripting.Core.Editor.csproj", "{f07d0b51-08e7-28fd-111d-95805a7d93d9}"
EndProject
Project("{FAE04EC0-301F-11D3-BF4B-00C04F79EFBC}") = "Unity.Timeline.Editor", "Unity.Timeline.Editor.csproj", "{3ede4899-7927-c0a3-651b-fbaa46061ced}"
EndProject
Project("{FAE04EC0-301F-11D3-BF4B-00C04F79EFBC}") = "Unity.VisualStudio.Editor", "Unity.VisualStudio.Editor.csproj", "{ddc4afb4-40c9-e4fc-acad-5d0d51554716}"
EndProject
Project("{FAE04EC0-301F-11D3-BF4B-00C04F79EFBC}") = "Unity.VisualScripting.State.Editor", "Unity.VisualScripting.State.Editor.csproj", "{774f3ee2-bac3-1dae-6745-34f3077aa583}"
EndProject
Project("{FAE04EC0-301F-11D3-BF4B-00C04F79EFBC}") = "Unity.TextMeshPro.Editor", "Unity.TextMeshPro.Editor.csproj", "{9cb63f2e-e2f4-7366-f860-3ddcd78b86dd}"
EndProject
Project("{FAE04EC0-301F-11D3-BF4B-00C04F79EFBC}") = "Unity.VisualScripting.Flow.Editor", "Unity.VisualScripting.Flow.Editor.csproj", "{20ea155b-5773-7eee-7a7d-7e507bc8301a}"
EndProject
Project("{FAE04EC0-301F-11D3-BF4B-00C04F79EFBC}") = "Unity.CollabProxy.Editor", "Unity.CollabProxy.Editor.csproj", "{630436ef-69f6-d2e8-17f7-0932a78b5ce1}"
EndProject
Project("{FAE04EC0-301F-11D3-BF4B-00C04F79EFBC}") = "VSSettingsProvider", "VSSettingsProvider.csproj", "{af86b981-abd4-e6bf-f2ee-8e38b975e29a}"
EndProject
Project("{FAE04EC0-301F-11D3-BF4B-00C04F79EFBC}") = "Unity.Rider.Editor", "Unity.Rider.Editor.csproj", "{1de78511-97f1-36c6-1635-faa778b61e8d}"
EndProject
Project("{FAE04EC0-301F-11D3-BF4B-00C04F79EFBC}") = "Unity.VSCode.Editor", "Unity.VSCode.Editor.csproj", "{bfb82af9-7c70-a281-52f3-63f797b05d17}"
EndProject
Global
	GlobalSection(SolutionConfigurationPlatforms) = preSolution
		Debug|Any CPU = Debug|Any CPU
	EndGlobalSection
	GlobalSection(ProjectConfigurationPlatforms) = postSolution
		{0669cdb4-c980-816c-a394-0c5f35608998}.Debug|Any CPU.ActiveCfg = Debug|Any CPU
		{0669cdb4-c980-816c-a394-0c5f35608998}.Debug|Any CPU.Build.0 = Debug|Any CPU
		{cb353d36-6bbe-a427-ef6c-32f619678f69}.Debug|Any CPU.ActiveCfg = Debug|Any CPU
		{cb353d36-6bbe-a427-ef6c-32f619678f69}.Debug|Any CPU.Build.0 = Debug|Any CPU
		{61dc78fa-ba45-e13b-e347-a74172325240}.Debug|Any CPU.ActiveCfg = Debug|Any CPU
		{61dc78fa-ba45-e13b-e347-a74172325240}.Debug|Any CPU.Build.0 = Debug|Any CPU
		{386e4519-9f50-b8ab-f5d0-869769b22fb5}.Debug|Any CPU.ActiveCfg = Debug|Any CPU
		{386e4519-9f50-b8ab-f5d0-869769b22fb5}.Debug|Any CPU.Build.0 = Debug|Any CPU
		{7ef94a15-9f5a-25e7-2fc9-08d011004cc9}.Debug|Any CPU.ActiveCfg = Debug|Any CPU
		{7ef94a15-9f5a-25e7-2fc9-08d011004cc9}.Debug|Any CPU.Build.0 = Debug|Any CPU
		{37dd97e3-7d23-e62c-a877-6c7e15d86701}.Debug|Any CPU.ActiveCfg = Debug|Any CPU
		{37dd97e3-7d23-e62c-a877-6c7e15d86701}.Debug|Any CPU.Build.0 = Debug|Any CPU
		{2652700c-3a6f-d582-f4af-4adee2962d67}.Debug|Any CPU.ActiveCfg = Debug|Any CPU
		{2652700c-3a6f-d582-f4af-4adee2962d67}.Debug|Any CPU.Build.0 = Debug|Any CPU
		{ead4d9c7-ff8f-5cdc-eab2-60578318a7a2}.Debug|Any CPU.ActiveCfg = Debug|Any CPU
		{ead4d9c7-ff8f-5cdc-eab2-60578318a7a2}.Debug|Any CPU.Build.0 = Debug|Any CPU
		{f07d0b51-08e7-28fd-111d-95805a7d93d9}.Debug|Any CPU.ActiveCfg = Debug|Any CPU
		{f07d0b51-08e7-28fd-111d-95805a7d93d9}.Debug|Any CPU.Build.0 = Debug|Any CPU
		{3ede4899-7927-c0a3-651b-fbaa46061ced}.Debug|Any CPU.ActiveCfg = Debug|Any CPU
		{3ede4899-7927-c0a3-651b-fbaa46061ced}.Debug|Any CPU.Build.0 = Debug|Any CPU
		{ddc4afb4-40c9-e4fc-acad-5d0d51554716}.Debug|Any CPU.ActiveCfg = Debug|Any CPU
		{ddc4afb4-40c9-e4fc-acad-5d0d51554716}.Debug|Any CPU.Build.0 = Debug|Any CPU
		{774f3ee2-bac3-1dae-6745-34f3077aa583}.Debug|Any CPU.ActiveCfg = Debug|Any CPU
		{774f3ee2-bac3-1dae-6745-34f3077aa583}.Debug|Any CPU.Build.0 = Debug|Any CPU
		{9cb63f2e-e2f4-7366-f860-3ddcd78b86dd}.Debug|Any CPU.ActiveCfg = Debug|Any CPU
		{9cb63f2e-e2f4-7366-f860-3ddcd78b86dd}.Debug|Any CPU.Build.0 = Debug|Any CPU
		{20ea155b-5773-7eee-7a7d-7e507bc8301a}.Debug|Any CPU.ActiveCfg = Debug|Any CPU
		{20ea155b-5773-7eee-7a7d-7e507bc8301a}.Debug|Any CPU.Build.0 = Debug|Any CPU
		{630436ef-69f6-d2e8-17f7-0932a78b5ce1}.Debug|Any CPU.ActiveCfg = Debug|Any CPU
		{630436ef-69f6-d2e8-17f7-0932a78b5ce1}.Debug|Any CPU.Build.0 = Debug|Any CPU
		{af86b981-abd4-e6bf-f2ee-8e38b975e29a}.Debug|Any CPU.ActiveCfg = Debug|Any CPU
		{af86b981-abd4-e6bf-f2ee-8e38b975e29a}.Debug|Any CPU.Build.0 = Debug|Any CPU
		{1de78511-97f1-36c6-1635-faa778b61e8d}.Debug|Any CPU.ActiveCfg = Debug|Any CPU
		{1de78511-97f1-36c6-1635-faa778b61e8d}.Debug|Any CPU.Build.0 = Debug|Any CPU
		{bfb82af9-7c70-a281-52f3-63f797b05d17}.Debug|Any CPU.ActiveCfg = Debug|Any CPU
		{bfb82af9-7c70-a281-52f3-63f797b05d17}.Debug|Any CPU.Build.0 = Debug|Any CPU
	EndGlobalSection
	GlobalSection(SolutionProperties) = preSolution
		HideSolutionNode = FALSE
	EndGlobalSection
EndGlobal
